
Microsoft Visual Studio Solution File, Format Version 12.00
# Visual Studio Version 17
VisualStudioVersion = 17.14.36623.8 d17.14
MinimumVisualStudioVersion = 10.0.40219.1
Project("{FAE04EC0-301F-11D3-BF4B-00C04F79EFBC}") = "SAI_1_Console_1_ver2", "SAI_1_Console_1_ver2\SAI_1_Console_1_ver2.csproj", "{C7212AF6-F20F-665D-867F-F1896B87156E}"
EndProject
Project("{FAE04EC0-301F-11D3-BF4B-00C04F79EFBC}") = "UI", "UI\UI.csproj", "{B4191163-8AFA-E642-FDC9-01AC91CEFF99}"
EndProject
Global
	GlobalSection(SolutionConfigurationPlatforms) = preSolution
		Debug|Any CPU = Debug|Any CPU
		Release|Any CPU = Release|Any CPU
	EndGlobalSection
	GlobalSection(ProjectConfigurationPlatforms) = postSolution
		{C7212AF6-F20F-665D-867F-F1896B87156E}.Debug|Any CPU.ActiveCfg = Debug|Any CPU
		{C7212AF6-F20F-665D-867F-F1896B87156E}.Debug|Any CPU.Build.0 = Debug|Any CPU
		{C7212AF6-F20F-665D-867F-F1896B87156E}.Release|Any CPU.ActiveCfg = Release|Any CPU
		{C7212AF6-F20F-665D-867F-F1896B87156E}.Release|Any CPU.Build.0 = Release|Any CPU
		{B4191163-8AFA-E642-FDC9-01AC91CEFF99}.Debug|Any CPU.ActiveCfg = Debug|Any CPU
		{B4191163-8AFA-E642-FDC9-01AC91CEFF99}.Debug|Any CPU.Build.0 = Debug|Any CPU
		{B4191163-8AFA-E642-FDC9-01AC91CEFF99}.Release|Any CPU.ActiveCfg = Release|Any CPU
		{B4191163-8AFA-E642-FDC9-01AC91CEFF99}.Release|Any CPU.Build.0 = Release|Any CPU
	EndGlobalSection
	GlobalSection(SolutionProperties) = preSolution
		HideSolutionNode = FALSE
	EndGlobalSection
	GlobalSection(ExtensibilityGlobals) = postSolution
		SolutionGuid = {E8AD3688-2397-432E-B1AB-93005E3F5464}
	EndGlobalSection
EndGlobal
